
Microsoft Visual Studio Solution File, Format Version 12.00
# Visual Studio 2012
Project("{FAE04EC0-301F-11D3-BF4B-00C04F79EFBC}") = "NAVY", "NAVY\NAVY.csproj", "{CB3ADC02-E649-4CD3-8B93-1DECBCB672E1}"
EndProject
Project("{FAE04EC0-301F-11D3-BF4B-00C04F79EFBC}") = "Fractals", "Fractals\Fractals.csproj", "{6D303EA8-D0BD-4775-A424-D7E932FFA39D}"
EndProject
Global
	GlobalSection(SolutionConfigurationPlatforms) = preSolution
		Debug|x86 = Debug|x86
		Release|x86 = Release|x86
	EndGlobalSection
	GlobalSection(ProjectConfigurationPlatforms) = postSolution
		{CB3ADC02-E649-4CD3-8B93-1DECBCB672E1}.Debug|x86.ActiveCfg = Debug|x86
		{CB3ADC02-E649-4CD3-8B93-1DECBCB672E1}.Debug|x86.Build.0 = Debug|x86
		{CB3ADC02-E649-4CD3-8B93-1DECBCB672E1}.Release|x86.ActiveCfg = Release|x86
		{CB3ADC02-E649-4CD3-8B93-1DECBCB672E1}.Release|x86.Build.0 = Release|x86
		{6D303EA8-D0BD-4775-A424-D7E932FFA39D}.Debug|x86.ActiveCfg = Debug|x86
		{6D303EA8-D0BD-4775-A424-D7E932FFA39D}.Debug|x86.Build.0 = Debug|x86
		{6D303EA8-D0BD-4775-A424-D7E932FFA39D}.Release|x86.ActiveCfg = Release|x86
		{6D303EA8-D0BD-4775-A424-D7E932FFA39D}.Release|x86.Build.0 = Release|x86
	EndGlobalSection
	GlobalSection(MonoDevelopProperties) = preSolution
		Policies = $0
		$0.DotNetNamingPolicy = $1
		$1.DirectoryNamespaceAssociation = Hierarchical
		$1.ResourceNamePolicy = FileFormatDefault
		$0.TextStylePolicy = $2
		$2.inheritsSet = VisualStudio
		$2.inheritsScope = text/plain
		$2.scope = text/x-csharp
		$0.CSharpFormattingPolicy = $3
		$3.inheritsSet = Mono
		$3.inheritsScope = text/x-csharp
		$3.scope = text/x-csharp
	EndGlobalSection
EndGlobal
